// !$*UTF8*$!
{
	archiveVersion = 1;
	classes = {
	};
	objectVersion = 56;
	objects = {

/* Begin PBXBuildFile section */
		C44CB9C329AB54BF0054E6E1 /* MenuBarApp_SwiftUIApp.swift in Sources */ = {isa = PBXBuildFile; fileRef = C44CB9C229AB54BF0054E6E1 /* MenuBarApp_SwiftUIApp.swift */; };
		C44CB9C529AB54BF0054E6E1 /* ContentView.swift in Sources */ = {isa = PBXBuildFile; fileRef = C44CB9C429AB54BF0054E6E1 /* ContentView.swift */; };
		C44CB9C729AB54C00054E6E1 /* Assets.xcassets in Resources */ = {isa = PBXBuildFile; fileRef = C44CB9C629AB54C00054E6E1 /* Assets.xcassets */; };
		C44CB9CA29AB54C00054E6E1 /* Preview Assets.xcassets in Resources */ = {isa = PBXBuildFile; fileRef = C44CB9C929AB54C00054E6E1 /* Preview Assets.xcassets */; };
		C44CB9D329AB55950054E6E1 /* Stock.swift in Sources */ = {isa = PBXBuildFile; fileRef = C44CB9D229AB55950054E6E1 /* Stock.swift */; };
		C44CB9D629AB55B40054E6E1 /* Webservice.swift in Sources */ = {isa = PBXBuildFile; fileRef = C44CB9D529AB55B40054E6E1 /* Webservice.swift */; };
		C44CB9D929AB56230054E6E1 /* StockListViewModel.swift in Sources */ = {isa = PBXBuildFile; fileRef = C44CB9D829AB56230054E6E1 /* StockListViewModel.swift */; };
		C44CB9DC29AB56420054E6E1 /* Constants.swift in Sources */ = {isa = PBXBuildFile; fileRef = C44CB9DB29AB56420054E6E1 /* Constants.swift */; };
/* End PBXBuildFile section */

/* Begin PBXFileReference section */
		C44CB9BF29AB54BF0054E6E1 /* MenuBarApp-SwiftUI.app */ = {isa = PBXFileReference; explicitFileType = wrapper.application; includeInIndex = 0; path = "MenuBarApp-SwiftUI.app"; sourceTree = BUILT_PRODUCTS_DIR; };
		C44CB9C229AB54BF0054E6E1 /* MenuBarApp_SwiftUIApp.swift */ = {isa = PBXFileReference; lastKnownFileType = sourcecode.swift; path = MenuBarApp_SwiftUIApp.swift; sourceTree = "<group>"; };
		C44CB9C429AB54BF0054E6E1 /* ContentView.swift */ = {isa = PBXFileReference; lastKnownFileType = sourcecode.swift; path = ContentView.swift; sourceTree = "<group>"; };
		C44CB9C629AB54C00054E6E1 /* Assets.xcassets */ = {isa = PBXFileReference; lastKnownFileType = folder.assetcatalog; path = Assets.xcassets; sourceTree = "<group>"; };
		C44CB9C929AB54C00054E6E1 /* Preview Assets.xcassets */ = {isa = PBXFileReference; lastKnownFileType = folder.assetcatalog; path = "Preview Assets.xcassets"; sourceTree = "<group>"; };
		C44CB9CB29AB54C00054E6E1 /* MenuBarApp_SwiftUI.entitlements */ = {isa = PBXFileReference; lastKnownFileType = text.plist.entitlements; path = MenuBarApp_SwiftUI.entitlements; sourceTree = "<group>"; };
		C44CB9D229AB55950054E6E1 /* Stock.swift */ = {isa = PBXFileReference; lastKnownFileType = sourcecode.swift; path = Stock.swift; sourceTree = "<group>"; };
		C44CB9D529AB55B40054E6E1 /* Webservice.swift */ = {isa = PBXFileReference; lastKnownFileType = sourcecode.swift; path = Webservice.swift; sourceTree = "<group>"; };
		C44CB9D829AB56230054E6E1 /* StockListViewModel.swift */ = {isa = PBXFileReference; lastKnownFileType = sourcecode.swift; path = StockListViewModel.swift; sourceTree = "<group>"; };
		C44CB9DB29AB56420054E6E1 /* Constants.swift */ = {isa = PBXFileReference; lastKnownFileType = sourcecode.swift; path = Constants.swift; sourceTree = "<group>"; };
/* End PBXFileReference section */

/* Begin PBXFrameworksBuildPhase section */
		C44CB9BC29AB54BF0054E6E1 /* Frameworks */ = {
			isa = PBXFrameworksBuildPhase;
			buildActionMask = 2147483647;
			files = (
			);
			runOnlyForDeploymentPostprocessing = 0;
		};
/* End PBXFrameworksBuildPhase section */

/* Begin PBXGroup section */
		C44CB9B629AB54BF0054E6E1 = {
			isa = PBXGroup;
			children = (
				C44CB9C129AB54BF0054E6E1 /* MenuBarApp-SwiftUI */,
				C44CB9C029AB54BF0054E6E1 /* Products */,
			);
			sourceTree = "<group>";
		};
		C44CB9C029AB54BF0054E6E1 /* Products */ = {
			isa = PBXGroup;
			children = (
				C44CB9BF29AB54BF0054E6E1 /* MenuBarApp-SwiftUI.app */,
			);
			name = Products;
			sourceTree = "<group>";
		};
		C44CB9C129AB54BF0054E6E1 /* MenuBarApp-SwiftUI */ = {
			isa = PBXGroup;
			children = (
				C44CB9DA29AB56370054E6E1 /* Utils */,
				C44CB9D729AB56180054E6E1 /* ViewModels */,
				C44CB9D429AB55A80054E6E1 /* Services */,
				C44CB9D129AB558F0054E6E1 /* Models */,
				C44CB9C229AB54BF0054E6E1 /* MenuBarApp_SwiftUIApp.swift */,
				C44CB9C429AB54BF0054E6E1 /* ContentView.swift */,
				C44CB9C629AB54C00054E6E1 /* Assets.xcassets */,
				C44CB9CB29AB54C00054E6E1 /* MenuBarApp_SwiftUI.entitlements */,
				C44CB9C829AB54C00054E6E1 /* Preview Content */,
			);
			path = "MenuBarApp-SwiftUI";
			sourceTree = "<group>";
		};
		C44CB9C829AB54C00054E6E1 /* Preview Content */ = {
			isa = PBXGroup;
			children = (
				C44CB9C929AB54C00054E6E1 /* Preview Assets.xcassets */,
			);
			path = "Preview Content";
			sourceTree = "<group>";
		};
		C44CB9D129AB558F0054E6E1 /* Models */ = {
			isa = PBXGroup;
			children = (
				C44CB9D229AB55950054E6E1 /* Stock.swift */,
			);
			path = Models;
			sourceTree = "<group>";
		};
		C44CB9D429AB55A80054E6E1 /* Services */ = {
			isa = PBXGroup;
			children = (
				C44CB9D529AB55B40054E6E1 /* Webservice.swift */,
			);
			path = Services;
			sourceTree = "<group>";
		};
		C44CB9D729AB56180054E6E1 /* ViewModels */ = {
			isa = PBXGroup;
			children = (
				C44CB9D829AB56230054E6E1 /* StockListViewModel.swift */,
			);
			path = ViewModels;
			sourceTree = "<group>";
		};
		C44CB9DA29AB56370054E6E1 /* Utils */ = {
			isa = PBXGroup;
			children = (
				C44CB9DB29AB56420054E6E1 /* Constants.swift */,
			);
			path = Utils;
			sourceTree = "<group>";
		};
/* End PBXGroup section */

/* Begin PBXNativeTarget section */
		C44CB9BE29AB54BF0054E6E1 /* MenuBarApp-SwiftUI */ = {
			isa = PBXNativeTarget;
			buildConfigurationList = C44CB9CE29AB54C00054E6E1 /* Build configuration list for PBXNativeTarget "MenuBarApp-SwiftUI" */;
			buildPhases = (
				C44CB9BB29AB54BF0054E6E1 /* Sources */,
				C44CB9BC29AB54BF0054E6E1 /* Frameworks */,
				C44CB9BD29AB54BF0054E6E1 /* Resources */,
			);
			buildRules = (
			);
			dependencies = (
			);
			name = "MenuBarApp-SwiftUI";
			productName = "MenuBarApp-SwiftUI";
			productReference = C44CB9BF29AB54BF0054E6E1 /* MenuBarApp-SwiftUI.app */;
			productType = "com.apple.product-type.application";
		};
/* End PBXNativeTarget section */

/* Begin PBXProject section */
		C44CB9B729AB54BF0054E6E1 /* Project object */ = {
			isa = PBXProject;
			attributes = {
				BuildIndependentTargetsInParallel = 1;
				LastSwiftUpdateCheck = 1420;
				LastUpgradeCheck = 1420;
				TargetAttributes = {
					C44CB9BE29AB54BF0054E6E1 = {
						CreatedOnToolsVersion = 14.2;
					};
				};
			};
			buildConfigurationList = C44CB9BA29AB54BF0054E6E1 /* Build configuration list for PBXProject "MenuBarApp-SwiftUI" */;
			compatibilityVersion = "Xcode 14.0";
			developmentRegion = en;
			hasScannedForEncodings = 0;
			knownRegions = (
				en,
				Base,
			);
			mainGroup = C44CB9B629AB54BF0054E6E1;
			productRefGroup = C44CB9C029AB54BF0054E6E1 /* Products */;
			projectDirPath = "";
			projectRoot = "";
			targets = (
				C44CB9BE29AB54BF0054E6E1 /* MenuBarApp-SwiftUI */,
			);
		};
/* End PBXProject section */

/* Begin PBXResourcesBuildPhase section */
		C44CB9BD29AB54BF0054E6E1 /* Resources */ = {
			isa = PBXResourcesBuildPhase;
			buildActionMask = 2147483647;
			files = (
				C44CB9CA29AB54C00054E6E1 /* Preview Assets.xcassets in Resources */,
				C44CB9C729AB54C00054E6E1 /* Assets.xcassets in Resources */,
			);
			runOnlyForDeploymentPostprocessing = 0;
		};
/* End PBXResourcesBuildPhase section */

/* Begin PBXSourcesBuildPhase section */
		C44CB9BB29AB54BF0054E6E1 /* Sources */ = {
			isa = PBXSourcesBuildPhase;
			buildActionMask = 2147483647;
			files = (
				C44CB9C529AB54BF0054E6E1 /* ContentView.swift in Sources */,
				C44CB9C329AB54BF0054E6E1 /* MenuBarApp_SwiftUIApp.swift in Sources */,
				C44CB9D629AB55B40054E6E1 /* Webservice.swift in Sources */,
				C44CB9D329AB55950054E6E1 /* Stock.swift in Sources */,
				C44CB9D929AB56230054E6E1 /* StockListViewModel.swift in Sources */,
				C44CB9DC29AB56420054E6E1 /* Constants.swift in Sources */,
			);
			runOnlyForDeploymentPostprocessing = 0;
		};
/* End PBXSourcesBuildPhase section */

/* Begin XCBuildConfiguration section */
		C44CB9CC29AB54C00054E6E1 /* Debug */ = {
			isa = XCBuildConfiguration;
			buildSettings = {
				ALWAYS_SEARCH_USER_PATHS = NO;
				CLANG_ANALYZER_NONNULL = YES;
				CLANG_ANALYZER_NUMBER_OBJECT_CONVERSION = YES_AGGRESSIVE;
				CLANG_CXX_LANGUAGE_STANDARD = "gnu++20";
				CLANG_ENABLE_MODULES = YES;
				CLANG_ENABLE_OBJC_ARC = YES;
				CLANG_ENABLE_OBJC_WEAK = YES;
				CLANG_WARN_BLOCK_CAPTURE_AUTORELEASING = YES;
				CLANG_WARN_BOOL_CONVERSION = YES;
				CLANG_WARN_COMMA = YES;
				CLANG_WARN_CONSTANT_CONVERSION = YES;
				CLANG_WARN_DEPRECATED_OBJC_IMPLEMENTATIONS = YES;
				CLANG_WARN_DIRECT_OBJC_ISA_USAGE = YES_ERROR;
				CLANG_WARN_DOCUMENTATION_COMMENTS = YES;
				CLANG_WARN_EMPTY_BODY = YES;
				CLANG_WARN_ENUM_CONVERSION = YES;
				CLANG_WARN_INFINITE_RECURSION = YES;
				CLANG_WARN_INT_CONVERSION = YES;
				CLANG_WARN_NON_LITERAL_NULL_CONVERSION = YES;
				CLANG_WARN_OBJC_IMPLICIT_RETAIN_SELF = YES;
				CLANG_WARN_OBJC_LITERAL_CONVERSION = YES;
				CLANG_WARN_OBJC_ROOT_CLASS = YES_ERROR;
				CLANG_WARN_QUOTED_INCLUDE_IN_FRAMEWORK_HEADER = YES;
				CLANG_WARN_RANGE_LOOP_ANALYSIS = YES;
				CLANG_WARN_STRICT_PROTOTYPES = YES;
				CLANG_WARN_SUSPICIOUS_MOVE = YES;
				CLANG_WARN_UNGUARDED_AVAILABILITY = YES_AGGRESSIVE;
				CLANG_WARN_UNREACHABLE_CODE = YES;
				CLANG_WARN__DUPLICATE_METHOD_MATCH = YES;
				COPY_PHASE_STRIP = NO;
				DEBUG_INFORMATION_FORMAT = dwarf;
				ENABLE_STRICT_OBJC_MSGSEND = YES;
				ENABLE_TESTABILITY = YES;
				GCC_C_LANGUAGE_STANDARD = gnu11;
				GCC_DYNAMIC_NO_PIC = NO;
				GCC_NO_COMMON_BLOCKS = YES;
				GCC_OPTIMIZATION_LEVEL = 0;
				GCC_PREPROCESSOR_DEFINITIONS = (
					"DEBUG=1",
					"$(inherited)",
				);
				GCC_WARN_64_TO_32_BIT_CONVERSION = YES;
				GCC_WARN_ABOUT_RETURN_TYPE = YES_ERROR;
				GCC_WARN_UNDECLARED_SELECTOR = YES;
				GCC_WARN_UNINITIALIZED_AUTOS = YES_AGGRESSIVE;
				GCC_WARN_UNUSED_FUNCTION = YES;
				GCC_WARN_UNUSED_VARIABLE = YES;
				MACOSX_DEPLOYMENT_TARGET = 12.5;
				MTL_ENABLE_DEBUG_INFO = INCLUDE_SOURCE;
				MTL_FAST_MATH = YES;
				ONLY_ACTIVE_ARCH = YES;
				SDKROOT = macosx;
				SWIFT_ACTIVE_COMPILATION_CONDITIONS = DEBUG;
				SWIFT_OPTIMIZATION_LEVEL = "-Onone";
			};
			name = Debug;
		};
		C44CB9CD29AB54C00054E6E1 /* Release */ = {
			isa = XCBuildConfiguration;
			buildSettings = {
				ALWAYS_SEARCH_USER_PATHS = NO;
				CLANG_ANALYZER_NONNULL = YES;
				CLANG_ANALYZER_NUMBER_OBJECT_CONVERSION = YES_AGGRESSIVE;
				CLANG_CXX_LANGUAGE_STANDARD = "gnu++20";
				CLANG_ENABLE_MODULES = YES;
				CLANG_ENABLE_OBJC_ARC = YES;
				CLANG_ENABLE_OBJC_WEAK = YES;
				CLANG_WARN_BLOCK_CAPTURE_AUTORELEASING = YES;
				CLANG_WARN_BOOL_CONVERSION = YES;
				CLANG_WARN_COMMA = YES;
				CLANG_WARN_CONSTANT_CONVERSION = YES;
				CLANG_WARN_DEPRECATED_OBJC_IMPLEMENTATIONS = YES;
				CLANG_WARN_DIRECT_OBJC_ISA_USAGE = YES_ERROR;
				CLANG_WARN_DOCUMENTATION_COMMENTS = YES;
				CLANG_WARN_EMPTY_BODY = YES;
				CLANG_WARN_ENUM_CONVERSION = YES;
				CLANG_WARN_INFINITE_RECURSION = YES;
				CLANG_WARN_INT_CONVERSION = YES;
				CLANG_WARN_NON_LITERAL_NULL_CONVERSION = YES;
				CLANG_WARN_OBJC_IMPLICIT_RETAIN_SELF = YES;
				CLANG_WARN_OBJC_LITERAL_CONVERSION = YES;
				CLANG_WARN_OBJC_ROOT_CLASS = YES_ERROR;
				CLANG_WARN_QUOTED_INCLUDE_IN_FRAMEWORK_HEADER = YES;
				CLANG_WARN_RANGE_LOOP_ANALYSIS = YES;
				CLANG_WARN_STRICT_PROTOTYPES = YES;
				CLANG_WARN_SUSPICIOUS_MOVE = YES;
				CLANG_WARN_UNGUARDED_AVAILABILITY = YES_AGGRESSIVE;
				CLANG_WARN_UNREACHABLE_CODE = YES;
				CLANG_WARN__DUPLICATE_METHOD_MATCH = YES;
				COPY_PHASE_STRIP = NO;
				DEBUG_INFORMATION_FORMAT = "dwarf-with-dsym";
				ENABLE_NS_ASSERTIONS = NO;
				ENABLE_STRICT_OBJC_MSGSEND = YES;
				GCC_C_LANGUAGE_STANDARD = gnu11;
				GCC_NO_COMMON_BLOCKS = YES;
				GCC_WARN_64_TO_32_BIT_CONVERSION = YES;
				GCC_WARN_ABOUT_RETURN_TYPE = YES_ERROR;
				GCC_WARN_UNDECLARED_SELECTOR = YES;
				GCC_WARN_UNINITIALIZED_AUTOS = YES_AGGRESSIVE;
				GCC_WARN_UNUSED_FUNCTION = YES;
				GCC_WARN_UNUSED_VARIABLE = YES;
				MACOSX_DEPLOYMENT_TARGET = 12.5;
				MTL_ENABLE_DEBUG_INFO = NO;
				MTL_FAST_MATH = YES;
				SDKROOT = macosx;
				SWIFT_COMPILATION_MODE = wholemodule;
				SWIFT_OPTIMIZATION_LEVEL = "-O";
			};
			name = Release;
		};
		C44CB9CF29AB54C00054E6E1 /* Debug */ = {
			isa = XCBuildConfiguration;
			buildSettings = {
				ASSETCATALOG_COMPILER_APPICON_NAME = AppIcon;
				ASSETCATALOG_COMPILER_GLOBAL_ACCENT_COLOR_NAME = AccentColor;
				CODE_SIGN_ENTITLEMENTS = "MenuBarApp-SwiftUI/MenuBarApp_SwiftUI.entitlements";
				CODE_SIGN_STYLE = Automatic;
				COMBINE_HIDPI_IMAGES = YES;
				CURRENT_PROJECT_VERSION = 1;
				DEVELOPMENT_ASSET_PATHS = "\"MenuBarApp-SwiftUI/Preview Content\"";
				DEVELOPMENT_TEAM = 35W7TZ9DUM;
				ENABLE_HARDENED_RUNTIME = YES;
				ENABLE_PREVIEWS = YES;
				GENERATE_INFOPLIST_FILE = YES;
				INFOPLIST_KEY_LSUIElement = YES;
				INFOPLIST_KEY_NSHumanReadableCopyright = "";
				LD_RUNPATH_SEARCH_PATHS = (
					"$(inherited)",
					"@executable_path/../Frameworks",
				);
				MARKETING_VERSION = 1.0;
				PRODUCT_BUNDLE_IDENTIFIER = "com.paigesoftware.MenuBarApp-SwiftUI";
				PRODUCT_NAME = "$(TARGET_NAME)";
				SWIFT_EMIT_LOC_STRINGS = YES;
				SWIFT_VERSION = 5.0;
			};
			name = Debug;
		};
		C44CB9D029AB54C00054E6E1 /* Release */ = {
			isa = XCBuildConfiguration;
			buildSettings = {
				ASSETCATALOG_COMPILER_APPICON_NAME = AppIcon;
				ASSETCATALOG_COMPILER_GLOBAL_ACCENT_COLOR_NAME = AccentColor;
				CODE_SIGN_ENTITLEMENTS = "MenuBarApp-SwiftUI/MenuBarApp_SwiftUI.entitlements";
				CODE_SIGN_STYLE = Automatic;
				COMBINE_HIDPI_IMAGES = YES;
				CURRENT_PROJECT_VERSION = 1;
				DEVELOPMENT_ASSET_PATHS = "\"MenuBarApp-SwiftUI/Preview Content\"";
				DEVELOPMENT_TEAM = 35W7TZ9DUM;
				ENABLE_HARDENED_RUNTIME = YES;
				ENABLE_PREVIEWS = YES;
				GENERATE_INFOPLIST_FILE = YES;
				INFOPLIST_KEY_LSUIElement = YES;
				INFOPLIST_KEY_NSHumanReadableCopyright = "";
				LD_RUNPATH_SEARCH_PATHS = (
					"$(inherited)",
					"@executable_path/../Frameworks",
				);
				MARKETING_VERSION = 1.0;
				PRODUCT_BUNDLE_IDENTIFIER = "com.paigesoftware.MenuBarApp-SwiftUI";
				PRODUCT_NAME = "$(TARGET_NAME)";
				SWIFT_EMIT_LOC_STRINGS = YES;
				SWIFT_VERSION = 5.0;
			};
			name = Release;
		};
/* End XCBuildConfiguration section */

/* Begin XCConfigurationList section */
		C44CB9BA29AB54BF0054E6E1 /* Build configuration list for PBXProject "MenuBarApp-SwiftUI" */ = {
			isa = XCConfigurationList;
			buildConfigurations = (
				C44CB9CC29AB54C00054E6E1 /* Debug */,
				C44CB9CD29AB54C00054E6E1 /* Release */,
			);
			defaultConfigurationIsVisible = 0;
			defaultConfigurationName = Release;
		};
		C44CB9CE29AB54C00054E6E1 /* Build configuration list for PBXNativeTarget "MenuBarApp-SwiftUI" */ = {
			isa = XCConfigurationList;
			buildConfigurations = (
				C44CB9CF29AB54C00054E6E1 /* Debug */,
				C44CB9D029AB54C00054E6E1 /* Release */,
			);
			defaultConfigurationIsVisible = 0;
			defaultConfigurationName = Release;
		};
/* End XCConfigurationList section */
	};
	rootObject = C44CB9B729AB54BF0054E6E1 /* Project object */;
}
